{
  "name": "passgenerator-js",
  "version": "1.0.1",
  "lockfileVersion": 2,
  "requires": true,
  "packages": {
    "": {
      "version": "1.0.0",
      "license": "MIT",
      "dependencies": {
        "adm-zip": "^0.5.3",
        "passsigner": "^1.1.1"
      }
    },
    "node_modules/adm-zip": {
      "version": "0.5.3",
      "resolved": "https://registry.npmjs.org/adm-zip/-/adm-zip-0.5.3.tgz",
      "integrity": "sha512-zsoTXEwRNCxBzRHLENFLuecCcwzzXiEhWo1r3GP68iwi8Q/hW2RrqgeY1nfJ/AhNQNWnZq/4v0TbfMsUkI+TYw==",
      "engines": {
        "node": ">=6.0"
      }
    },
    "node_modules/node-forge": {
      "version": "0.10.0",
      "resolved": "https://registry.npmjs.org/node-forge/-/node-forge-0.10.0.tgz",
      "integrity": "sha512-PPmu8eEeG9saEUvI97fm4OYxXVB6bFvyNTyiUOBichBpFG8A1Ljw3bY62+5oOjDEMHRnd0Y7HQ+x7uzxOzC6JA==",
      "engines": {
        "node": ">= 6.0.0"
      }
    },
    "node_modules/passsigner": {
      "version": "1.1.1",
      "resolved": "https://registry.npmjs.org/passsigner/-/passsigner-1.1.1.tgz",
      "integrity": "sha512-s1unlePVKlW5ZTTNZLFa3gTgJau4WQNCfwLiOHkpP5QIHNb/hNfLUb+rt8BETelwtcjxdBOekB3wYfoCY0bW1A==",
      "dependencies": {
        "node-forge": "^0.10.0"
      }
    }
  },
  "dependencies": {
    "adm-zip": {
      "version": "0.5.3",
      "resolved": "https://registry.npmjs.org/adm-zip/-/adm-zip-0.5.3.tgz",
      "integrity": "sha512-zsoTXEwRNCxBzRHLENFLuecCcwzzXiEhWo1r3GP68iwi8Q/hW2RrqgeY1nfJ/AhNQNWnZq/4v0TbfMsUkI+TYw=="
    },
    "node-forge": {
      "version": "0.10.0",
      "resolved": "https://registry.npmjs.org/node-forge/-/node-forge-0.10.0.tgz",
      "integrity": "sha512-PPmu8eEeG9saEUvI97fm4OYxXVB6bFvyNTyiUOBichBpFG8A1Ljw3bY62+5oOjDEMHRnd0Y7HQ+x7uzxOzC6JA=="
    },
    "passsigner": {
      "version": "1.1.1",
      "resolved": "https://registry.npmjs.org/passsigner/-/passsigner-1.1.1.tgz",
      "integrity": "sha512-s1unlePVKlW5ZTTNZLFa3gTgJau4WQNCfwLiOHkpP5QIHNb/hNfLUb+rt8BETelwtcjxdBOekB3wYfoCY0bW1A==",
      "requires": {
        "node-forge": "^0.10.0"
      }
    }
  }
}
