{
  "name": "passgenerator-js",
  "version": "1.0.3",
  "lockfileVersion": 2,
  "requires": true,
  "packages": {
    "": {
      "version": "1.0.3",
      "license": "MIT",
      "dependencies": {
        "adm-zip": "^0.5.3",
        "passsigner-js": "^1.1.2"
      }
    },
    "node_modules/adm-zip": {
      "version": "0.5.3",
      "resolved": "https://registry.npmjs.org/adm-zip/-/adm-zip-0.5.3.tgz",
      "integrity": "sha512-zsoTXEwRNCxBzRHLENFLuecCcwzzXiEhWo1r3GP68iwi8Q/hW2RrqgeY1nfJ/AhNQNWnZq/4v0TbfMsUkI+TYw==",
      "engines": {
        "node": ">=6.0"
      }
    },
    "node_modules/node-forge": {
      "version": "0.10.0",
      "resolved": "https://registry.npmjs.org/node-forge/-/node-forge-0.10.0.tgz",
      "integrity": "sha512-PPmu8eEeG9saEUvI97fm4OYxXVB6bFvyNTyiUOBichBpFG8A1Ljw3bY62+5oOjDEMHRnd0Y7HQ+x7uzxOzC6JA==",
      "engines": {
        "node": ">= 6.0.0"
      }
    },
    "node_modules/passsigner-js": {
      "version": "1.1.2",
      "resolved": "https://registry.npmjs.org/passsigner-js/-/passsigner-js-1.1.2.tgz",
      "integrity": "sha512-q6+RZOTxAdpgjU+vJF3nOVVk8sgpIY8CIvDp4tBd+TYe2AAyUhwoKc5RhbIXQ/WDKp7wgdJ4sxgul08lyLHzdg==",
      "dependencies": {
        "node-forge": "^0.10.0"
      }
    }
  },
  "dependencies": {
    "adm-zip": {
      "version": "0.5.3",
      "resolved": "https://registry.npmjs.org/adm-zip/-/adm-zip-0.5.3.tgz",
      "integrity": "sha512-zsoTXEwRNCxBzRHLENFLuecCcwzzXiEhWo1r3GP68iwi8Q/hW2RrqgeY1nfJ/AhNQNWnZq/4v0TbfMsUkI+TYw=="
    },
    "node-forge": {
      "version": "0.10.0",
      "resolved": "https://registry.npmjs.org/node-forge/-/node-forge-0.10.0.tgz",
      "integrity": "sha512-PPmu8eEeG9saEUvI97fm4OYxXVB6bFvyNTyiUOBichBpFG8A1Ljw3bY62+5oOjDEMHRnd0Y7HQ+x7uzxOzC6JA=="
    },
    "passsigner-js": {
      "version": "1.1.2",
      "resolved": "https://registry.npmjs.org/passsigner-js/-/passsigner-js-1.1.2.tgz",
      "integrity": "sha512-q6+RZOTxAdpgjU+vJF3nOVVk8sgpIY8CIvDp4tBd+TYe2AAyUhwoKc5RhbIXQ/WDKp7wgdJ4sxgul08lyLHzdg==",
      "requires": {
        "node-forge": "^0.10.0"
      }
    }
  }
}
